
Microsoft Visual Studio Solution File, Format Version 12.00
# Visual Studio Version 17
VisualStudioVersion = 17.7.34024.191
MinimumVisualStudioVersion = 10.0.40219.1
Project("{9A19103F-16F7-4668-BE54-9A1E7A4F7556}") = "simulated-device", "simulated-device.csproj", "{CBB11150-DC34-421C-A283-AA39E558CE58}"
EndProject
Global
	GlobalSection(SolutionConfigurationPlatforms) = preSolution
		Debug|Any CPU = Debug|Any CPU
		Release|Any CPU = Release|Any CPU
	EndGlobalSection
	GlobalSection(ProjectConfigurationPlatforms) = postSolution
		{CBB11150-DC34-421C-A283-AA39E558CE58}.Debug|Any CPU.ActiveCfg = Debug|Any CPU
		{CBB11150-DC34-421C-A283-AA39E558CE58}.Debug|Any CPU.Build.0 = Debug|Any CPU
		{CBB11150-DC34-421C-A283-AA39E558CE58}.Release|Any CPU.ActiveCfg = Release|Any CPU
		{CBB11150-DC34-421C-A283-AA39E558CE58}.Release|Any CPU.Build.0 = Release|Any CPU
	EndGlobalSection
	GlobalSection(SolutionProperties) = preSolution
		HideSolutionNode = FALSE
	EndGlobalSection
	GlobalSection(ExtensibilityGlobals) = postSolution
		SolutionGuid = {A8E71944-DE41-428C-BD22-F7E6A748E565}
	EndGlobalSection
EndGlobal
